// !$*UTF8*$!
{
	archiveVersion = 1;
	classes = {
	};
	objectVersion = 50;
	objects = {

/* Begin PBXBuildFile section */
		DE02AB7426EBEF5B000D6F82 /* AppDelegate.swift in Sources */ = {isa = PBXBuildFile; fileRef = DE02AB7326EBEF5B000D6F82 /* AppDelegate.swift */; };
		DE02AB7626EBEF5B000D6F82 /* SceneDelegate.swift in Sources */ = {isa = PBXBuildFile; fileRef = DE02AB7526EBEF5B000D6F82 /* SceneDelegate.swift */; };
		DE02AB7826EBEF5B000D6F82 /* ViewController.swift in Sources */ = {isa = PBXBuildFile; fileRef = DE02AB7726EBEF5B000D6F82 /* ViewController.swift */; };
		DE02AB7B26EBEF5B000D6F82 /* Main.storyboard in Resources */ = {isa = PBXBuildFile; fileRef = DE02AB7926EBEF5B000D6F82 /* Main.storyboard */; };
		DE02AB7D26EBEF5E000D6F82 /* Assets.xcassets in Resources */ = {isa = PBXBuildFile; fileRef = DE02AB7C26EBEF5E000D6F82 /* Assets.xcassets */; };
		DE02AB8026EBEF5E000D6F82 /* LaunchScreen.storyboard in Resources */ = {isa = PBXBuildFile; fileRef = DE02AB7E26EBEF5E000D6F82 /* LaunchScreen.storyboard */; };
/* End PBXBuildFile section */

/* Begin PBXFileReference section */
		DE02AB7026EBEF5B000D6F82 /* CodePath-FlixMovie.app */ = {isa = PBXFileReference; explicitFileType = wrapper.application; includeInIndex = 0; path = "CodePath-FlixMovie.app"; sourceTree = BUILT_PRODUCTS_DIR; };
		DE02AB7326EBEF5B000D6F82 /* AppDelegate.swift */ = {isa = PBXFileReference; lastKnownFileType = sourcecode.swift; path = AppDelegate.swift; sourceTree = "<group>"; };
		DE02AB7526EBEF5B000D6F82 /* SceneDelegate.swift */ = {isa = PBXFileReference; lastKnownFileType = sourcecode.swift; path = SceneDelegate.swift; sourceTree = "<group>"; };
		DE02AB7726EBEF5B000D6F82 /* ViewController.swift */ = {isa = PBXFileReference; lastKnownFileType = sourcecode.swift; path = ViewController.swift; sourceTree = "<group>"; };
		DE02AB7A26EBEF5B000D6F82 /* Base */ = {isa = PBXFileReference; lastKnownFileType = file.storyboard; name = Base; path = Base.lproj/Main.storyboard; sourceTree = "<group>"; };
		DE02AB7C26EBEF5E000D6F82 /* Assets.xcassets */ = {isa = PBXFileReference; lastKnownFileType = folder.assetcatalog; path = Assets.xcassets; sourceTree = "<group>"; };
		DE02AB7F26EBEF5E000D6F82 /* Base */ = {isa = PBXFileReference; lastKnownFileType = file.storyboard; name = Base; path = Base.lproj/LaunchScreen.storyboard; sourceTree = "<group>"; };
		DE02AB8126EBEF5E000D6F82 /* Info.plist */ = {isa = PBXFileReference; lastKnownFileType = text.plist.xml; path = Info.plist; sourceTree = "<group>"; };
/* End PBXFileReference section */

/* Begin PBXFrameworksBuildPhase section */
		DE02AB6D26EBEF5B000D6F82 /* Frameworks */ = {
			isa = PBXFrameworksBuildPhase;
			buildActionMask = 2147483647;
			files = (
			);
			runOnlyForDeploymentPostprocessing = 0;
		};
/* End PBXFrameworksBuildPhase section */

/* Begin PBXGroup section */
		DE02AB6726EBEF5B000D6F82 = {
			isa = PBXGroup;
			children = (
				DE02AB7226EBEF5B000D6F82 /* CodePath-FlixMovie */,
				DE02AB7126EBEF5B000D6F82 /* Products */,
			);
			sourceTree = "<group>";
		};
		DE02AB7126EBEF5B000D6F82 /* Products */ = {
			isa = PBXGroup;
			children = (
				DE02AB7026EBEF5B000D6F82 /* CodePath-FlixMovie.app */,
			);
			name = Products;
			sourceTree = "<group>";
		};
		DE02AB7226EBEF5B000D6F82 /* CodePath-FlixMovie */ = {
			isa = PBXGroup;
			children = (
				DE02AB7326EBEF5B000D6F82 /* AppDelegate.swift */,
				DE02AB7526EBEF5B000D6F82 /* SceneDelegate.swift */,
				DE02AB7726EBEF5B000D6F82 /* ViewController.swift */,
				DE02AB7926EBEF5B000D6F82 /* Main.storyboard */,
				DE02AB7C26EBEF5E000D6F82 /* Assets.xcassets */,
				DE02AB7E26EBEF5E000D6F82 /* LaunchScreen.storyboard */,
				DE02AB8126EBEF5E000D6F82 /* Info.plist */,
			);
			path = "CodePath-FlixMovie";
			sourceTree = "<group>";
		};
/* End PBXGroup section */

/* Begin PBXNativeTarget section */
		DE02AB6F26EBEF5B000D6F82 /* CodePath-FlixMovie */ = {
			isa = PBXNativeTarget;
			buildConfigurationList = DE02AB8426EBEF5E000D6F82 /* Build configuration list for PBXNativeTarget "CodePath-FlixMovie" */;
			buildPhases = (
				DE02AB6C26EBEF5B000D6F82 /* Sources */,
				DE02AB6D26EBEF5B000D6F82 /* Frameworks */,
				DE02AB6E26EBEF5B000D6F82 /* Resources */,
			);
			buildRules = (
			);
			dependencies = (
			);
			name = "CodePath-FlixMovie";
			productName = "CodePath-FlixMovie";
			productReference = DE02AB7026EBEF5B000D6F82 /* CodePath-FlixMovie.app */;
			productType = "com.apple.product-type.application";
		};
/* End PBXNativeTarget section */

/* Begin PBXProject section */
		DE02AB6826EBEF5B000D6F82 /* Project object */ = {
			isa = PBXProject;
			attributes = {
				LastSwiftUpdateCheck = 1250;
				LastUpgradeCheck = 1250;
				TargetAttributes = {
					DE02AB6F26EBEF5B000D6F82 = {
						CreatedOnToolsVersion = 12.5.1;
					};
				};
			};
			buildConfigurationList = DE02AB6B26EBEF5B000D6F82 /* Build configuration list for PBXProject "CodePath-FlixMovie" */;
			compatibilityVersion = "Xcode 9.3";
			developmentRegion = en;
			hasScannedForEncodings = 0;
			knownRegions = (
				en,
				Base,
			);
			mainGroup = DE02AB6726EBEF5B000D6F82;
			productRefGroup = DE02AB7126EBEF5B000D6F82 /* Products */;
			projectDirPath = "";
			projectRoot = "";
			targets = (
				DE02AB6F26EBEF5B000D6F82 /* CodePath-FlixMovie */,
			);
		};
/* End PBXProject section */

/* Begin PBXResourcesBuildPhase section */
		DE02AB6E26EBEF5B000D6F82 /* Resources */ = {
			isa = PBXResourcesBuildPhase;
			buildActionMask = 2147483647;
			files = (
				DE02AB8026EBEF5E000D6F82 /* LaunchScreen.storyboard in Resources */,
				DE02AB7D26EBEF5E000D6F82 /* Assets.xcassets in Resources */,
				DE02AB7B26EBEF5B000D6F82 /* Main.storyboard in Resources */,
			);
			runOnlyForDeploymentPostprocessing = 0;
		};
/* End PBXResourcesBuildPhase section */

/* Begin PBXSourcesBuildPhase section */
		DE02AB6C26EBEF5B000D6F82 /* Sources */ = {
			isa = PBXSourcesBuildPhase;
			buildActionMask = 2147483647;
			files = (
				DE02AB7826EBEF5B000D6F82 /* ViewController.swift in Sources */,
				DE02AB7426EBEF5B000D6F82 /* AppDelegate.swift in Sources */,
				DE02AB7626EBEF5B000D6F82 /* SceneDelegate.swift in Sources */,
			);
			runOnlyForDeploymentPostprocessing = 0;
		};
/* End PBXSourcesBuildPhase section */

/* Begin PBXVariantGroup section */
		DE02AB7926EBEF5B000D6F82 /* Main.storyboard */ = {
			isa = PBXVariantGroup;
			children = (
				DE02AB7A26EBEF5B000D6F82 /* Base */,
			);
			name = Main.storyboard;
			sourceTree = "<group>";
		};
		DE02AB7E26EBEF5E000D6F82 /* LaunchScreen.storyboard */ = {
			isa = PBXVariantGroup;
			children = (
				DE02AB7F26EBEF5E000D6F82 /* Base */,
			);
			name = LaunchScreen.storyboard;
			sourceTree = "<group>";
		};
/* End PBXVariantGroup section */

/* Begin XCBuildConfiguration section */
		DE02AB8226EBEF5E000D6F82 /* Debug */ = {
			isa = XCBuildConfiguration;
			buildSettings = {
				ALWAYS_SEARCH_USER_PATHS = NO;
				CLANG_ANALYZER_NONNULL = YES;
				CLANG_ANALYZER_NUMBER_OBJECT_CONVERSION = YES_AGGRESSIVE;
				CLANG_CXX_LANGUAGE_STANDARD = "gnu++14";
				CLANG_CXX_LIBRARY = "libc++";
				CLANG_ENABLE_MODULES = YES;
				CLANG_ENABLE_OBJC_ARC = YES;
				CLANG_ENABLE_OBJC_WEAK = YES;
				CLANG_WARN_BLOCK_CAPTURE_AUTORELEASING = YES;
				CLANG_WARN_BOOL_CONVERSION = YES;
				CLANG_WARN_COMMA = YES;
				CLANG_WARN_CONSTANT_CONVERSION = YES;
				CLANG_WARN_DEPRECATED_OBJC_IMPLEMENTATIONS = YES;
				CLANG_WARN_DIRECT_OBJC_ISA_USAGE = YES_ERROR;
				CLANG_WARN_DOCUMENTATION_COMMENTS = YES;
				CLANG_WARN_EMPTY_BODY = YES;
				CLANG_WARN_ENUM_CONVERSION = YES;
				CLANG_WARN_INFINITE_RECURSION = YES;
				CLANG_WARN_INT_CONVERSION = YES;
				CLANG_WARN_NON_LITERAL_NULL_CONVERSION = YES;
				CLANG_WARN_OBJC_IMPLICIT_RETAIN_SELF = YES;
				CLANG_WARN_OBJC_LITERAL_CONVERSION = YES;
				CLANG_WARN_OBJC_ROOT_CLASS = YES_ERROR;
				CLANG_WARN_QUOTED_INCLUDE_IN_FRAMEWORK_HEADER = YES;
				CLANG_WARN_RANGE_LOOP_ANALYSIS = YES;
				CLANG_WARN_STRICT_PROTOTYPES = YES;
				CLANG_WARN_SUSPICIOUS_MOVE = YES;
				CLANG_WARN_UNGUARDED_AVAILABILITY = YES_AGGRESSIVE;
				CLANG_WARN_UNREACHABLE_CODE = YES;
				CLANG_WARN__DUPLICATE_METHOD_MATCH = YES;
				COPY_PHASE_STRIP = NO;
				DEBUG_INFORMATION_FORMAT = dwarf;
				ENABLE_STRICT_OBJC_MSGSEND = YES;
				ENABLE_TESTABILITY = YES;
				GCC_C_LANGUAGE_STANDARD = gnu11;
				GCC_DYNAMIC_NO_PIC = NO;
				GCC_NO_COMMON_BLOCKS = YES;
				GCC_OPTIMIZATION_LEVEL = 0;
				GCC_PREPROCESSOR_DEFINITIONS = (
					"DEBUG=1",
					"$(inherited)",
				);
				GCC_WARN_64_TO_32_BIT_CONVERSION = YES;
				GCC_WARN_ABOUT_RETURN_TYPE = YES_ERROR;
				GCC_WARN_UNDECLARED_SELECTOR = YES;
				GCC_WARN_UNINITIALIZED_AUTOS = YES_AGGRESSIVE;
				GCC_WARN_UNUSED_FUNCTION = YES;
				GCC_WARN_UNUSED_VARIABLE = YES;
				IPHONEOS_DEPLOYMENT_TARGET = 14.5;
				MTL_ENABLE_DEBUG_INFO = INCLUDE_SOURCE;
				MTL_FAST_MATH = YES;
				ONLY_ACTIVE_ARCH = YES;
				SDKROOT = iphoneos;
				SWIFT_ACTIVE_COMPILATION_CONDITIONS = DEBUG;
				SWIFT_OPTIMIZATION_LEVEL = "-Onone";
			};
			name = Debug;
		};
		DE02AB8326EBEF5E000D6F82 /* Release */ = {
			isa = XCBuildConfiguration;
			buildSettings = {
				ALWAYS_SEARCH_USER_PATHS = NO;
				CLANG_ANALYZER_NONNULL = YES;
				CLANG_ANALYZER_NUMBER_OBJECT_CONVERSION = YES_AGGRESSIVE;
				CLANG_CXX_LANGUAGE_STANDARD = "gnu++14";
				CLANG_CXX_LIBRARY = "libc++";
				CLANG_ENABLE_MODULES = YES;
				CLANG_ENABLE_OBJC_ARC = YES;
				CLANG_ENABLE_OBJC_WEAK = YES;
				CLANG_WARN_BLOCK_CAPTURE_AUTORELEASING = YES;
				CLANG_WARN_BOOL_CONVERSION = YES;
				CLANG_WARN_COMMA = YES;
				CLANG_WARN_CONSTANT_CONVERSION = YES;
				CLANG_WARN_DEPRECATED_OBJC_IMPLEMENTATIONS = YES;
				CLANG_WARN_DIRECT_OBJC_ISA_USAGE = YES_ERROR;
				CLANG_WARN_DOCUMENTATION_COMMENTS = YES;
				CLANG_WARN_EMPTY_BODY = YES;
				CLANG_WARN_ENUM_CONVERSION = YES;
				CLANG_WARN_INFINITE_RECURSION = YES;
				CLANG_WARN_INT_CONVERSION = YES;
				CLANG_WARN_NON_LITERAL_NULL_CONVERSION = YES;
				CLANG_WARN_OBJC_IMPLICIT_RETAIN_SELF = YES;
				CLANG_WARN_OBJC_LITERAL_CONVERSION = YES;
				CLANG_WARN_OBJC_ROOT_CLASS = YES_ERROR;
				CLANG_WARN_QUOTED_INCLUDE_IN_FRAMEWORK_HEADER = YES;
				CLANG_WARN_RANGE_LOOP_ANALYSIS = YES;
				CLANG_WARN_STRICT_PROTOTYPES = YES;
				CLANG_WARN_SUSPICIOUS_MOVE = YES;
				CLANG_WARN_UNGUARDED_AVAILABILITY = YES_AGGRESSIVE;
				CLANG_WARN_UNREACHABLE_CODE = YES;
				CLANG_WARN__DUPLICATE_METHOD_MATCH = YES;
				COPY_PHASE_STRIP = NO;
				DEBUG_INFORMATION_FORMAT = "dwarf-with-dsym";
				ENABLE_NS_ASSERTIONS = NO;
				ENABLE_STRICT_OBJC_MSGSEND = YES;
				GCC_C_LANGUAGE_STANDARD = gnu11;
				GCC_NO_COMMON_BLOCKS = YES;
				GCC_WARN_64_TO_32_BIT_CONVERSION = YES;
				GCC_WARN_ABOUT_RETURN_TYPE = YES_ERROR;
				GCC_WARN_UNDECLARED_SELECTOR = YES;
				GCC_WARN_UNINITIALIZED_AUTOS = YES_AGGRESSIVE;
				GCC_WARN_UNUSED_FUNCTION = YES;
				GCC_WARN_UNUSED_VARIABLE = YES;
				IPHONEOS_DEPLOYMENT_TARGET = 14.5;
				MTL_ENABLE_DEBUG_INFO = NO;
				MTL_FAST_MATH = YES;
				SDKROOT = iphoneos;
				SWIFT_COMPILATION_MODE = wholemodule;
				SWIFT_OPTIMIZATION_LEVEL = "-O";
				VALIDATE_PRODUCT = YES;
			};
			name = Release;
		};
		DE02AB8526EBEF5E000D6F82 /* Debug */ = {
			isa = XCBuildConfiguration;
			buildSettings = {
				ASSETCATALOG_COMPILER_APPICON_NAME = AppIcon;
				ASSETCATALOG_COMPILER_GLOBAL_ACCENT_COLOR_NAME = AccentColor;
				CODE_SIGN_STYLE = Automatic;
				DEVELOPMENT_TEAM = 784XC4J26C;
				INFOPLIST_FILE = "CodePath-FlixMovie/Info.plist";
				LD_RUNPATH_SEARCH_PATHS = (
					"$(inherited)",
					"@executable_path/Frameworks",
				);
				PRODUCT_BUNDLE_IDENTIFIER = "anniezhanghe.CodePath-FlixMovie";
				PRODUCT_NAME = "$(TARGET_NAME)";
				SWIFT_VERSION = 5.0;
				TARGETED_DEVICE_FAMILY = "1,2";
			};
			name = Debug;
		};
		DE02AB8626EBEF5E000D6F82 /* Release */ = {
			isa = XCBuildConfiguration;
			buildSettings = {
				ASSETCATALOG_COMPILER_APPICON_NAME = AppIcon;
				ASSETCATALOG_COMPILER_GLOBAL_ACCENT_COLOR_NAME = AccentColor;
				CODE_SIGN_STYLE = Automatic;
				DEVELOPMENT_TEAM = 784XC4J26C;
				INFOPLIST_FILE = "CodePath-FlixMovie/Info.plist";
				LD_RUNPATH_SEARCH_PATHS = (
					"$(inherited)",
					"@executable_path/Frameworks",
				);
				PRODUCT_BUNDLE_IDENTIFIER = "anniezhanghe.CodePath-FlixMovie";
				PRODUCT_NAME = "$(TARGET_NAME)";
				SWIFT_VERSION = 5.0;
				TARGETED_DEVICE_FAMILY = "1,2";
			};
			name = Release;
		};
/* End XCBuildConfiguration section */

/* Begin XCConfigurationList section */
		DE02AB6B26EBEF5B000D6F82 /* Build configuration list for PBXProject "CodePath-FlixMovie" */ = {
			isa = XCConfigurationList;
			buildConfigurations = (
				DE02AB8226EBEF5E000D6F82 /* Debug */,
				DE02AB8326EBEF5E000D6F82 /* Release */,
			);
			defaultConfigurationIsVisible = 0;
			defaultConfigurationName = Release;
		};
		DE02AB8426EBEF5E000D6F82 /* Build configuration list for PBXNativeTarget "CodePath-FlixMovie" */ = {
			isa = XCConfigurationList;
			buildConfigurations = (
				DE02AB8526EBEF5E000D6F82 /* Debug */,
				DE02AB8626EBEF5E000D6F82 /* Release */,
			);
			defaultConfigurationIsVisible = 0;
			defaultConfigurationName = Release;
		};
/* End XCConfigurationList section */
	};
	rootObject = DE02AB6826EBEF5B000D6F82 /* Project object */;
}
